
Microsoft Visual Studio Solution File, Format Version 12.00
# Visual Studio Version 17
VisualStudioVersion = 17.6.33829.357
MinimumVisualStudioVersion = 10.0.40219.1
Project("{FAE04EC0-301F-11D3-BF4B-00C04F79EFBC}") = "Prueba1", "Prueba1\Prueba1.csproj", "{A6F3A6D1-61F1-4343-884F-8AF6DCCD34A7}"
EndProject
Global
	GlobalSection(SolutionConfigurationPlatforms) = preSolution
		Debug|Any CPU = Debug|Any CPU
		Release|Any CPU = Release|Any CPU
	EndGlobalSection
	GlobalSection(ProjectConfigurationPlatforms) = postSolution
		{A6F3A6D1-61F1-4343-884F-8AF6DCCD34A7}.Debug|Any CPU.ActiveCfg = Debug|Any CPU
		{A6F3A6D1-61F1-4343-884F-8AF6DCCD34A7}.Debug|Any CPU.Build.0 = Debug|Any CPU
		{A6F3A6D1-61F1-4343-884F-8AF6DCCD34A7}.Release|Any CPU.ActiveCfg = Release|Any CPU
		{A6F3A6D1-61F1-4343-884F-8AF6DCCD34A7}.Release|Any CPU.Build.0 = Release|Any CPU
	EndGlobalSection
	GlobalSection(SolutionProperties) = preSolution
		HideSolutionNode = FALSE
	EndGlobalSection
	GlobalSection(ExtensibilityGlobals) = postSolution
		SolutionGuid = {5CD554F3-478E-4D58-B9EB-090211BCC4FC}
	EndGlobalSection
EndGlobal
